
Microsoft Visual Studio Solution File, Format Version 12.00
# Visual Studio Version 17
VisualStudioVersion = 17.6.33801.468
MinimumVisualStudioVersion = 10.0.40219.1
Project("{FAE04EC0-301F-11D3-BF4B-00C04F79EFBC}") = "dh.core", "dh.core\dh.core.csproj", "{D081D51A-1811-4066-A991-BB5F2D00228A}"
EndProject
Project("{2150E333-8FDC-42A3-9474-1A3956D46DE8}") = "src", "src", "{4C4B299D-4810-41B8-AA97-5EBE5B36D62F}"
EndProject
Project("{FAE04EC0-301F-11D3-BF4B-00C04F79EFBC}") = "dh.page", "dh.page\dh.page.csproj", "{3F8C7FD3-7279-42DB-BA2A-B20AEAF94D4F}"
EndProject
Project("{FAE04EC0-301F-11D3-BF4B-00C04F79EFBC}") = "dh.test", "dh.test\dh.test.csproj", "{066BCF3F-6ADD-4200-954D-381C990AB21E}"
EndProject
Global
	GlobalSection(SolutionConfigurationPlatforms) = preSolution
		Debug|Any CPU = Debug|Any CPU
		Release|Any CPU = Release|Any CPU
	EndGlobalSection
	GlobalSection(ProjectConfigurationPlatforms) = postSolution
		{D081D51A-1811-4066-A991-BB5F2D00228A}.Debug|Any CPU.ActiveCfg = Debug|Any CPU
		{D081D51A-1811-4066-A991-BB5F2D00228A}.Debug|Any CPU.Build.0 = Debug|Any CPU
		{D081D51A-1811-4066-A991-BB5F2D00228A}.Release|Any CPU.ActiveCfg = Release|Any CPU
		{D081D51A-1811-4066-A991-BB5F2D00228A}.Release|Any CPU.Build.0 = Release|Any CPU
		{3F8C7FD3-7279-42DB-BA2A-B20AEAF94D4F}.Debug|Any CPU.ActiveCfg = Debug|Any CPU
		{3F8C7FD3-7279-42DB-BA2A-B20AEAF94D4F}.Debug|Any CPU.Build.0 = Debug|Any CPU
		{3F8C7FD3-7279-42DB-BA2A-B20AEAF94D4F}.Release|Any CPU.ActiveCfg = Release|Any CPU
		{3F8C7FD3-7279-42DB-BA2A-B20AEAF94D4F}.Release|Any CPU.Build.0 = Release|Any CPU
		{066BCF3F-6ADD-4200-954D-381C990AB21E}.Debug|Any CPU.ActiveCfg = Debug|Any CPU
		{066BCF3F-6ADD-4200-954D-381C990AB21E}.Debug|Any CPU.Build.0 = Debug|Any CPU
		{066BCF3F-6ADD-4200-954D-381C990AB21E}.Release|Any CPU.ActiveCfg = Release|Any CPU
		{066BCF3F-6ADD-4200-954D-381C990AB21E}.Release|Any CPU.Build.0 = Release|Any CPU
	EndGlobalSection
	GlobalSection(SolutionProperties) = preSolution
		HideSolutionNode = FALSE
	EndGlobalSection
	GlobalSection(NestedProjects) = preSolution
		{D081D51A-1811-4066-A991-BB5F2D00228A} = {4C4B299D-4810-41B8-AA97-5EBE5B36D62F}
		{3F8C7FD3-7279-42DB-BA2A-B20AEAF94D4F} = {4C4B299D-4810-41B8-AA97-5EBE5B36D62F}
		{066BCF3F-6ADD-4200-954D-381C990AB21E} = {4C4B299D-4810-41B8-AA97-5EBE5B36D62F}
	EndGlobalSection
	GlobalSection(ExtensibilityGlobals) = postSolution
		SolutionGuid = {99A13FD2-A601-4520-A312-62B43FFC7C8A}
	EndGlobalSection
EndGlobal
